{
	"name": "p5play-template",
	"version": "1.8.0",
	"lockfileVersion": 3,
	"requires": true,
	"packages": {
		"": {
			"name": "p5play-template",
			"version": "1.8.0",
			"license": "CC0",
			"dependencies": {
				"p5play": "^3.33.7",
				"q5": "^3.5.2"
			}
		},
		"node_modules/p5play": {
			"version": "3.33.7",
			"resolved": "https://registry.npmjs.org/p5play/-/p5play-3.33.7.tgz",
			"integrity": "sha512-7Uf5luELuU+Vz1kc8rY2ZewYmcZ2Z/ltxYCvV5rQhfL21L3xlGb6D/AnG4+ei9Fxxel8CDf44Uy0TqaC9p27Qw==",
			"funding": [
				{
					"type": "patreon",
					"url": "https://www.patreon.com/q5play"
				},
				{
					"type": "ko-fi",
					"url": "https://ko-fi.com/q5play"
				},
				{
					"type": "github",
					"url": "https://github.com/sponsors/quinton-ashley"
				}
			],
			"license": "p5play Personal License"
		},
		"node_modules/q5": {
			"version": "3.5.2",
			"resolved": "https://registry.npmjs.org/q5/-/q5-3.5.2.tgz",
			"integrity": "sha512-opDbO9EEpJ7XlzGmkgIKBvaDg6uI/Plz0ELTqXiZC7XR6qOGK7fs1hvs4oP2VUw3mF7CQTIxUhflT1fPax+vNA==",
			"funding": [
				{
					"type": "patreon",
					"url": "https://www.patreon.com/q5play"
				},
				{
					"type": "ko-fi",
					"url": "https://ko-fi.com/q5play"
				},
				{
					"type": "github",
					"url": "https://github.com/sponsors/quinton-ashley"
				}
			],
			"license": "LGPL-3.0"
		}
	}
}
